
Microsoft Visual Studio Solution File, Format Version 12.00
# Visual Studio Version 16
VisualStudioVersion = 16.0.30204.135
MinimumVisualStudioVersion = 10.0.40219.1
Project("{FAE04EC0-301F-11D3-BF4B-00C04F79EFBC}") = "WinUsbNet", "WinUsbNet\WinUsbNet.csproj", "{E3A667CE-F462-4E68-808B-54DE6E323992}"
EndProject
Project("{FAE04EC0-301F-11D3-BF4B-00C04F79EFBC}") = "WinUsbTest", "WinUsbTest\WinUsbTest.csproj", "{B9A22581-FB9B-4792-9DD7-E17090D8590F}"
EndProject
Project("{7CF6DF6D-3B04-46F8-A40B-537D21BCA0B4}") = "WinUsbNetHelp", "WinUsbNetHelp\WinUsbNetHelp.shfbproj", "{3E63F73E-5574-4688-A2C0-E8F1C9F4D20B}"
	ProjectSection(ProjectDependencies) = postProject
		{E3A667CE-F462-4E68-808B-54DE6E323992} = {E3A667CE-F462-4E68-808B-54DE6E323992}
	EndProjectSection
EndProject
Project("{FAE04EC0-301F-11D3-BF4B-00C04F79EFBC}") = "WinUsbExample", "WinUsbExample\WinUsbExample.csproj", "{DCDE8B82-6382-4ABA-9A40-3A508B7A31D3}"
EndProject
Global
	GlobalSection(SolutionConfigurationPlatforms) = preSolution
		Debug|Any CPU = Debug|Any CPU
		Release|Any CPU = Release|Any CPU
	EndGlobalSection
	GlobalSection(ProjectConfigurationPlatforms) = postSolution
		{E3A667CE-F462-4E68-808B-54DE6E323992}.Debug|Any CPU.ActiveCfg = Debug|Any CPU
		{E3A667CE-F462-4E68-808B-54DE6E323992}.Debug|Any CPU.Build.0 = Debug|Any CPU
		{E3A667CE-F462-4E68-808B-54DE6E323992}.Release|Any CPU.ActiveCfg = Release|Any CPU
		{E3A667CE-F462-4E68-808B-54DE6E323992}.Release|Any CPU.Build.0 = Release|Any CPU
		{B9A22581-FB9B-4792-9DD7-E17090D8590F}.Debug|Any CPU.ActiveCfg = Debug|Any CPU
		{B9A22581-FB9B-4792-9DD7-E17090D8590F}.Debug|Any CPU.Build.0 = Debug|Any CPU
		{B9A22581-FB9B-4792-9DD7-E17090D8590F}.Release|Any CPU.ActiveCfg = Release|Any CPU
		{B9A22581-FB9B-4792-9DD7-E17090D8590F}.Release|Any CPU.Build.0 = Release|Any CPU
		{3E63F73E-5574-4688-A2C0-E8F1C9F4D20B}.Debug|Any CPU.ActiveCfg = Debug|Any CPU
		{3E63F73E-5574-4688-A2C0-E8F1C9F4D20B}.Debug|Any CPU.Build.0 = Debug|Any CPU
		{3E63F73E-5574-4688-A2C0-E8F1C9F4D20B}.Release|Any CPU.ActiveCfg = Release|Any CPU
		{3E63F73E-5574-4688-A2C0-E8F1C9F4D20B}.Release|Any CPU.Build.0 = Release|Any CPU
		{DCDE8B82-6382-4ABA-9A40-3A508B7A31D3}.Debug|Any CPU.ActiveCfg = Debug|Any CPU
		{DCDE8B82-6382-4ABA-9A40-3A508B7A31D3}.Debug|Any CPU.Build.0 = Debug|Any CPU
		{DCDE8B82-6382-4ABA-9A40-3A508B7A31D3}.Release|Any CPU.ActiveCfg = Release|Any CPU
		{DCDE8B82-6382-4ABA-9A40-3A508B7A31D3}.Release|Any CPU.Build.0 = Release|Any CPU
	EndGlobalSection
	GlobalSection(SolutionProperties) = preSolution
		HideSolutionNode = FALSE
	EndGlobalSection
	GlobalSection(ExtensibilityGlobals) = postSolution
		SolutionGuid = {BDFAF607-F0E8-4442-99DD-1AFDEE843011}
	EndGlobalSection
EndGlobal
