
Microsoft Visual Studio Solution File, Format Version 12.00
# Visual Studio 15
VisualStudioVersion = 15.0.26430.16
MinimumVisualStudioVersion = 10.0.40219.1
Project("{FAE04EC0-301F-11D3-BF4B-00C04F79EFBC}") = "WinUsbNet", "WinUsbNet\WinUsbNet.csproj", "{E3A667CE-F462-4E68-808B-54DE6E323992}"
EndProject
Project("{FAE04EC0-301F-11D3-BF4B-00C04F79EFBC}") = "WinUsbTest", "WinUsbTest\WinUsbTest.csproj", "{B9A22581-FB9B-4792-9DD7-E17090D8590F}"
EndProject
Project("{FAE04EC0-301F-11D3-BF4B-00C04F79EFBC}") = "WinUsbExample", "WinUsbExample\WinUsbExample.csproj", "{DCDE8B82-6382-4ABA-9A40-3A508B7A31D3}"
EndProject
Global
	GlobalSection(SolutionConfigurationPlatforms) = preSolution
		Debug|Any CPU = Debug|Any CPU
		Debug|Mixed Platforms = Debug|Mixed Platforms
		Debug|Win32 = Debug|Win32
		Release|Any CPU = Release|Any CPU
		Release|Mixed Platforms = Release|Mixed Platforms
		Release|Win32 = Release|Win32
	EndGlobalSection
	GlobalSection(ProjectConfigurationPlatforms) = postSolution
		{E3A667CE-F462-4E68-808B-54DE6E323992}.Debug|Any CPU.ActiveCfg = Debug|Any CPU
		{E3A667CE-F462-4E68-808B-54DE6E323992}.Debug|Any CPU.Build.0 = Debug|Any CPU
		{E3A667CE-F462-4E68-808B-54DE6E323992}.Debug|Mixed Platforms.ActiveCfg = Debug|Any CPU
		{E3A667CE-F462-4E68-808B-54DE6E323992}.Debug|Mixed Platforms.Build.0 = Debug|Any CPU
		{E3A667CE-F462-4E68-808B-54DE6E323992}.Debug|Win32.ActiveCfg = Debug|Any CPU
		{E3A667CE-F462-4E68-808B-54DE6E323992}.Release|Any CPU.ActiveCfg = Release|Any CPU
		{E3A667CE-F462-4E68-808B-54DE6E323992}.Release|Any CPU.Build.0 = Release|Any CPU
		{E3A667CE-F462-4E68-808B-54DE6E323992}.Release|Mixed Platforms.ActiveCfg = Release|Any CPU
		{E3A667CE-F462-4E68-808B-54DE6E323992}.Release|Mixed Platforms.Build.0 = Release|Any CPU
		{E3A667CE-F462-4E68-808B-54DE6E323992}.Release|Win32.ActiveCfg = Release|Any CPU
		{B9A22581-FB9B-4792-9DD7-E17090D8590F}.Debug|Any CPU.ActiveCfg = Debug|Any CPU
		{B9A22581-FB9B-4792-9DD7-E17090D8590F}.Debug|Any CPU.Build.0 = Debug|Any CPU
		{B9A22581-FB9B-4792-9DD7-E17090D8590F}.Debug|Mixed Platforms.ActiveCfg = Debug|Any CPU
		{B9A22581-FB9B-4792-9DD7-E17090D8590F}.Debug|Mixed Platforms.Build.0 = Debug|Any CPU
		{B9A22581-FB9B-4792-9DD7-E17090D8590F}.Debug|Win32.ActiveCfg = Debug|Any CPU
		{B9A22581-FB9B-4792-9DD7-E17090D8590F}.Release|Any CPU.ActiveCfg = Release|Any CPU
		{B9A22581-FB9B-4792-9DD7-E17090D8590F}.Release|Any CPU.Build.0 = Release|Any CPU
		{B9A22581-FB9B-4792-9DD7-E17090D8590F}.Release|Mixed Platforms.ActiveCfg = Release|Any CPU
		{B9A22581-FB9B-4792-9DD7-E17090D8590F}.Release|Mixed Platforms.Build.0 = Release|Any CPU
		{B9A22581-FB9B-4792-9DD7-E17090D8590F}.Release|Win32.ActiveCfg = Release|Any CPU
		{DCDE8B82-6382-4ABA-9A40-3A508B7A31D3}.Debug|Any CPU.ActiveCfg = Debug|Any CPU
		{DCDE8B82-6382-4ABA-9A40-3A508B7A31D3}.Debug|Any CPU.Build.0 = Debug|Any CPU
		{DCDE8B82-6382-4ABA-9A40-3A508B7A31D3}.Debug|Mixed Platforms.ActiveCfg = Debug|Any CPU
		{DCDE8B82-6382-4ABA-9A40-3A508B7A31D3}.Debug|Mixed Platforms.Build.0 = Debug|Any CPU
		{DCDE8B82-6382-4ABA-9A40-3A508B7A31D3}.Debug|Win32.ActiveCfg = Debug|Any CPU
		{DCDE8B82-6382-4ABA-9A40-3A508B7A31D3}.Release|Any CPU.ActiveCfg = Release|Any CPU
		{DCDE8B82-6382-4ABA-9A40-3A508B7A31D3}.Release|Any CPU.Build.0 = Release|Any CPU
		{DCDE8B82-6382-4ABA-9A40-3A508B7A31D3}.Release|Mixed Platforms.ActiveCfg = Release|Any CPU
		{DCDE8B82-6382-4ABA-9A40-3A508B7A31D3}.Release|Mixed Platforms.Build.0 = Release|Any CPU
		{DCDE8B82-6382-4ABA-9A40-3A508B7A31D3}.Release|Win32.ActiveCfg = Release|Any CPU
	EndGlobalSection
	GlobalSection(SolutionProperties) = preSolution
		HideSolutionNode = FALSE
	EndGlobalSection
EndGlobal
